
Microsoft Visual Studio Solution File, Format Version 12.00
# Visual Studio 15
VisualStudioVersion = 15.0.27004.2008
MinimumVisualStudioVersion = 10.0.40219.1
Project("{2150E333-8FDC-42A3-9474-1A3956D46DE8}") = "tests", "tests", "{95AD40FA-AD4F-4670-9991-F48EBF3B6BED}"
EndProject
Project("{2150E333-8FDC-42A3-9474-1A3956D46DE8}") = "check", "check", "{2966E7AA-18C4-4FE2-9A05-CCF1A7F84E93}"
EndProject
Project("{2150E333-8FDC-42A3-9474-1A3956D46DE8}") = "core", "core", "{22DAA0E4-0BBB-4976-BE72-EAB5DABAFFB5}"
EndProject
Project("{8BC9CEB8-8B4A-11D0-8D11-00A0C91BC942}") = "test_cs", "tests\test_cs\test_cs.vcxproj", "{4DFC260E-2532-4EAB-85C1-6D5D7759121C}"
EndProject
Project("{8BC9CEB8-8B4A-11D0-8D11-00A0C91BC942}") = "test_math", "tests\test_math\test_math.vcxproj", "{EC93FAC0-9C3F-4D5D-BD40-64231A4C3459}"
EndProject
Project("{8BC9CEB8-8B4A-11D0-8D11-00A0C91BC942}") = "test_matrix", "tests\test_matrix\test_matrix.vcxproj", "{F356EAB6-E35F-4E9A-9038-29A9F877CD47}"
EndProject
Project("{8BC9CEB8-8B4A-11D0-8D11-00A0C91BC942}") = "test_solution", "tests\test_solution\test_solution.vcxproj", "{FC16DC3A-EDFA-42F3-B5AF-3BB2AEFF73B6}"
EndProject
Project("{8BC9CEB8-8B4A-11D0-8D11-00A0C91BC942}") = "test_state", "tests\test_state\test_state.vcxproj", "{66BE4FAD-B982-4894-93F5-C4FA9B75308D}"
EndProject
Project("{8BC9CEB8-8B4A-11D0-8D11-00A0C91BC942}") = "test_continuity", "tests\test_continuity\test_continuity.vcxproj", "{AD013863-60A6-42BD-8834-5C0C2EA2503A}"
EndProject
Project("{2150E333-8FDC-42A3-9474-1A3956D46DE8}") = "geometry", "geometry", "{B6355B43-D239-4ACB-B84C-3FBCED4098BD}"
EndProject
Project("{8BC9CEB8-8B4A-11D0-8D11-00A0C91BC942}") = "test_area", "tests\test_area\test_area.vcxproj", "{0AD82513-B090-40EC-87A0-DEF857810C2D}"
EndProject
Project("{8BC9CEB8-8B4A-11D0-8D11-00A0C91BC942}") = "test_circle", "tests\test_circle\test_circle.vcxproj", "{2043E64A-A9D9-4F45-9D68-19B3DF2AF3FE}"
EndProject
Project("{8BC9CEB8-8B4A-11D0-8D11-00A0C91BC942}") = "test_line", "tests\test_line\test_line.vcxproj", "{EE717392-5113-4566-880E-D37D3BDAE414}"
EndProject
Project("{8BC9CEB8-8B4A-11D0-8D11-00A0C91BC942}") = "test_point", "tests\test_point\test_point.vcxproj", "{86EE7C65-525A-47A6-BC5C-06722BC203B1}"
EndProject
Project("{2150E333-8FDC-42A3-9474-1A3956D46DE8}") = "incident", "incident", "{CFAFFFDA-2840-4359-8C78-75C873CC2F05}"
EndProject
Project("{8BC9CEB8-8B4A-11D0-8D11-00A0C91BC942}") = "test_incident", "tests\test_incident\test_incident.vcxproj", "{8B2F04EE-8B80-437A-ABBB-01C5E39F6561}"
EndProject
Project("{2150E333-8FDC-42A3-9474-1A3956D46DE8}") = "inhomo", "inhomo", "{8DB84F4E-4497-47D2-8B2B-AD49D473BB91}"
EndProject
Project("{8BC9CEB8-8B4A-11D0-8D11-00A0C91BC942}") = "test_assembly", "tests\test_assembly\test_assembly.vcxproj", "{8221D9BB-93F1-4FD7-8740-07ECEE76EACB}"
EndProject
Project("{8BC9CEB8-8B4A-11D0-8D11-00A0C91BC942}") = "test_assembly_config", "tests\test_assembly_config\test_assembly_config.vcxproj", "{6C92387E-AD35-4F11-8B46-FA2F542D0C4F}"
EndProject
Project("{8BC9CEB8-8B4A-11D0-8D11-00A0C91BC942}") = "test_boundary", "tests\test_boundary\test_boundary.vcxproj", "{3A9927F5-4857-48A2-8754-5450B2AEF5A5}"
EndProject
Project("{8BC9CEB8-8B4A-11D0-8D11-00A0C91BC942}") = "test_fiber", "tests\test_fiber\test_fiber.vcxproj", "{FEAD45CF-D7D9-4CE5-94EF-F9FC8CEC8375}"
EndProject
Project("{2150E333-8FDC-42A3-9474-1A3956D46DE8}") = "input", "input", "{F565256A-6CD9-4919-B213-AAD8890D8128}"
EndProject
Project("{8BC9CEB8-8B4A-11D0-8D11-00A0C91BC942}") = "test_input", "tests\test_input\test_input.vcxproj", "{6783E371-E813-4A8E-A61B-F4A3EBE32F87}"
EndProject
Project("{2150E333-8FDC-42A3-9474-1A3956D46DE8}") = "output", "output", "{86B1E2E0-47D6-4C36-BAE6-114D7C55600B}"
EndProject
Project("{8BC9CEB8-8B4A-11D0-8D11-00A0C91BC942}") = "test_output", "tests\test_output\test_output.vcxproj", "{7A27A3AB-50B8-4F4C-A0BA-7EC15FE79B4F}"
EndProject
Global
	GlobalSection(SolutionConfigurationPlatforms) = preSolution
		Debug|x64 = Debug|x64
		Release|x64 = Release|x64
	EndGlobalSection
	GlobalSection(ProjectConfigurationPlatforms) = postSolution
		{4DFC260E-2532-4EAB-85C1-6D5D7759121C}.Debug|x64.ActiveCfg = Debug|x64
		{4DFC260E-2532-4EAB-85C1-6D5D7759121C}.Debug|x64.Build.0 = Debug|x64
		{4DFC260E-2532-4EAB-85C1-6D5D7759121C}.Release|x64.ActiveCfg = Release|x64
		{4DFC260E-2532-4EAB-85C1-6D5D7759121C}.Release|x64.Build.0 = Release|x64
		{EC93FAC0-9C3F-4D5D-BD40-64231A4C3459}.Debug|x64.ActiveCfg = Debug|x64
		{EC93FAC0-9C3F-4D5D-BD40-64231A4C3459}.Debug|x64.Build.0 = Debug|x64
		{EC93FAC0-9C3F-4D5D-BD40-64231A4C3459}.Release|x64.ActiveCfg = Release|x64
		{EC93FAC0-9C3F-4D5D-BD40-64231A4C3459}.Release|x64.Build.0 = Release|x64
		{F356EAB6-E35F-4E9A-9038-29A9F877CD47}.Debug|x64.ActiveCfg = Debug|x64
		{F356EAB6-E35F-4E9A-9038-29A9F877CD47}.Debug|x64.Build.0 = Debug|x64
		{F356EAB6-E35F-4E9A-9038-29A9F877CD47}.Release|x64.ActiveCfg = Release|x64
		{F356EAB6-E35F-4E9A-9038-29A9F877CD47}.Release|x64.Build.0 = Release|x64
		{FC16DC3A-EDFA-42F3-B5AF-3BB2AEFF73B6}.Debug|x64.ActiveCfg = Debug|x64
		{FC16DC3A-EDFA-42F3-B5AF-3BB2AEFF73B6}.Debug|x64.Build.0 = Debug|x64
		{FC16DC3A-EDFA-42F3-B5AF-3BB2AEFF73B6}.Release|x64.ActiveCfg = Release|x64
		{FC16DC3A-EDFA-42F3-B5AF-3BB2AEFF73B6}.Release|x64.Build.0 = Release|x64
		{66BE4FAD-B982-4894-93F5-C4FA9B75308D}.Debug|x64.ActiveCfg = Debug|x64
		{66BE4FAD-B982-4894-93F5-C4FA9B75308D}.Debug|x64.Build.0 = Debug|x64
		{66BE4FAD-B982-4894-93F5-C4FA9B75308D}.Release|x64.ActiveCfg = Release|x64
		{66BE4FAD-B982-4894-93F5-C4FA9B75308D}.Release|x64.Build.0 = Release|x64
		{AD013863-60A6-42BD-8834-5C0C2EA2503A}.Debug|x64.ActiveCfg = Debug|x64
		{AD013863-60A6-42BD-8834-5C0C2EA2503A}.Debug|x64.Build.0 = Debug|x64
		{AD013863-60A6-42BD-8834-5C0C2EA2503A}.Release|x64.ActiveCfg = Release|x64
		{AD013863-60A6-42BD-8834-5C0C2EA2503A}.Release|x64.Build.0 = Release|x64
		{0AD82513-B090-40EC-87A0-DEF857810C2D}.Debug|x64.ActiveCfg = Debug|x64
		{0AD82513-B090-40EC-87A0-DEF857810C2D}.Debug|x64.Build.0 = Debug|x64
		{0AD82513-B090-40EC-87A0-DEF857810C2D}.Release|x64.ActiveCfg = Release|x64
		{0AD82513-B090-40EC-87A0-DEF857810C2D}.Release|x64.Build.0 = Release|x64
		{2043E64A-A9D9-4F45-9D68-19B3DF2AF3FE}.Debug|x64.ActiveCfg = Debug|x64
		{2043E64A-A9D9-4F45-9D68-19B3DF2AF3FE}.Debug|x64.Build.0 = Debug|x64
		{2043E64A-A9D9-4F45-9D68-19B3DF2AF3FE}.Release|x64.ActiveCfg = Release|x64
		{2043E64A-A9D9-4F45-9D68-19B3DF2AF3FE}.Release|x64.Build.0 = Release|x64
		{EE717392-5113-4566-880E-D37D3BDAE414}.Debug|x64.ActiveCfg = Debug|x64
		{EE717392-5113-4566-880E-D37D3BDAE414}.Debug|x64.Build.0 = Debug|x64
		{EE717392-5113-4566-880E-D37D3BDAE414}.Release|x64.ActiveCfg = Release|x64
		{EE717392-5113-4566-880E-D37D3BDAE414}.Release|x64.Build.0 = Release|x64
		{86EE7C65-525A-47A6-BC5C-06722BC203B1}.Debug|x64.ActiveCfg = Debug|x64
		{86EE7C65-525A-47A6-BC5C-06722BC203B1}.Debug|x64.Build.0 = Debug|x64
		{86EE7C65-525A-47A6-BC5C-06722BC203B1}.Release|x64.ActiveCfg = Release|x64
		{86EE7C65-525A-47A6-BC5C-06722BC203B1}.Release|x64.Build.0 = Release|x64
		{8B2F04EE-8B80-437A-ABBB-01C5E39F6561}.Debug|x64.ActiveCfg = Debug|x64
		{8B2F04EE-8B80-437A-ABBB-01C5E39F6561}.Debug|x64.Build.0 = Debug|x64
		{8B2F04EE-8B80-437A-ABBB-01C5E39F6561}.Release|x64.ActiveCfg = Release|x64
		{8B2F04EE-8B80-437A-ABBB-01C5E39F6561}.Release|x64.Build.0 = Release|x64
		{8221D9BB-93F1-4FD7-8740-07ECEE76EACB}.Debug|x64.ActiveCfg = Debug|x64
		{8221D9BB-93F1-4FD7-8740-07ECEE76EACB}.Debug|x64.Build.0 = Debug|x64
		{8221D9BB-93F1-4FD7-8740-07ECEE76EACB}.Release|x64.ActiveCfg = Release|x64
		{8221D9BB-93F1-4FD7-8740-07ECEE76EACB}.Release|x64.Build.0 = Release|x64
		{6C92387E-AD35-4F11-8B46-FA2F542D0C4F}.Debug|x64.ActiveCfg = Debug|x64
		{6C92387E-AD35-4F11-8B46-FA2F542D0C4F}.Debug|x64.Build.0 = Debug|x64
		{6C92387E-AD35-4F11-8B46-FA2F542D0C4F}.Release|x64.ActiveCfg = Release|x64
		{6C92387E-AD35-4F11-8B46-FA2F542D0C4F}.Release|x64.Build.0 = Release|x64
		{3A9927F5-4857-48A2-8754-5450B2AEF5A5}.Debug|x64.ActiveCfg = Debug|x64
		{3A9927F5-4857-48A2-8754-5450B2AEF5A5}.Debug|x64.Build.0 = Debug|x64
		{3A9927F5-4857-48A2-8754-5450B2AEF5A5}.Release|x64.ActiveCfg = Release|x64
		{3A9927F5-4857-48A2-8754-5450B2AEF5A5}.Release|x64.Build.0 = Release|x64
		{FEAD45CF-D7D9-4CE5-94EF-F9FC8CEC8375}.Debug|x64.ActiveCfg = Debug|x64
		{FEAD45CF-D7D9-4CE5-94EF-F9FC8CEC8375}.Debug|x64.Build.0 = Debug|x64
		{FEAD45CF-D7D9-4CE5-94EF-F9FC8CEC8375}.Release|x64.ActiveCfg = Release|x64
		{FEAD45CF-D7D9-4CE5-94EF-F9FC8CEC8375}.Release|x64.Build.0 = Release|x64
		{6783E371-E813-4A8E-A61B-F4A3EBE32F87}.Debug|x64.ActiveCfg = Debug|x64
		{6783E371-E813-4A8E-A61B-F4A3EBE32F87}.Debug|x64.Build.0 = Debug|x64
		{6783E371-E813-4A8E-A61B-F4A3EBE32F87}.Release|x64.ActiveCfg = Release|x64
		{6783E371-E813-4A8E-A61B-F4A3EBE32F87}.Release|x64.Build.0 = Release|x64
		{7A27A3AB-50B8-4F4C-A0BA-7EC15FE79B4F}.Debug|x64.ActiveCfg = Debug|x64
		{7A27A3AB-50B8-4F4C-A0BA-7EC15FE79B4F}.Debug|x64.Build.0 = Debug|x64
		{7A27A3AB-50B8-4F4C-A0BA-7EC15FE79B4F}.Release|x64.ActiveCfg = Release|x64
		{7A27A3AB-50B8-4F4C-A0BA-7EC15FE79B4F}.Release|x64.Build.0 = Release|x64
	EndGlobalSection
	GlobalSection(SolutionProperties) = preSolution
		HideSolutionNode = FALSE
	EndGlobalSection
	GlobalSection(NestedProjects) = preSolution
		{2966E7AA-18C4-4FE2-9A05-CCF1A7F84E93} = {95AD40FA-AD4F-4670-9991-F48EBF3B6BED}
		{22DAA0E4-0BBB-4976-BE72-EAB5DABAFFB5} = {95AD40FA-AD4F-4670-9991-F48EBF3B6BED}
		{4DFC260E-2532-4EAB-85C1-6D5D7759121C} = {22DAA0E4-0BBB-4976-BE72-EAB5DABAFFB5}
		{EC93FAC0-9C3F-4D5D-BD40-64231A4C3459} = {22DAA0E4-0BBB-4976-BE72-EAB5DABAFFB5}
		{F356EAB6-E35F-4E9A-9038-29A9F877CD47} = {22DAA0E4-0BBB-4976-BE72-EAB5DABAFFB5}
		{FC16DC3A-EDFA-42F3-B5AF-3BB2AEFF73B6} = {22DAA0E4-0BBB-4976-BE72-EAB5DABAFFB5}
		{66BE4FAD-B982-4894-93F5-C4FA9B75308D} = {22DAA0E4-0BBB-4976-BE72-EAB5DABAFFB5}
		{AD013863-60A6-42BD-8834-5C0C2EA2503A} = {2966E7AA-18C4-4FE2-9A05-CCF1A7F84E93}
		{B6355B43-D239-4ACB-B84C-3FBCED4098BD} = {95AD40FA-AD4F-4670-9991-F48EBF3B6BED}
		{0AD82513-B090-40EC-87A0-DEF857810C2D} = {B6355B43-D239-4ACB-B84C-3FBCED4098BD}
		{2043E64A-A9D9-4F45-9D68-19B3DF2AF3FE} = {B6355B43-D239-4ACB-B84C-3FBCED4098BD}
		{EE717392-5113-4566-880E-D37D3BDAE414} = {B6355B43-D239-4ACB-B84C-3FBCED4098BD}
		{86EE7C65-525A-47A6-BC5C-06722BC203B1} = {B6355B43-D239-4ACB-B84C-3FBCED4098BD}
		{CFAFFFDA-2840-4359-8C78-75C873CC2F05} = {95AD40FA-AD4F-4670-9991-F48EBF3B6BED}
		{8B2F04EE-8B80-437A-ABBB-01C5E39F6561} = {CFAFFFDA-2840-4359-8C78-75C873CC2F05}
		{8DB84F4E-4497-47D2-8B2B-AD49D473BB91} = {95AD40FA-AD4F-4670-9991-F48EBF3B6BED}
		{8221D9BB-93F1-4FD7-8740-07ECEE76EACB} = {8DB84F4E-4497-47D2-8B2B-AD49D473BB91}
		{6C92387E-AD35-4F11-8B46-FA2F542D0C4F} = {8DB84F4E-4497-47D2-8B2B-AD49D473BB91}
		{3A9927F5-4857-48A2-8754-5450B2AEF5A5} = {8DB84F4E-4497-47D2-8B2B-AD49D473BB91}
		{FEAD45CF-D7D9-4CE5-94EF-F9FC8CEC8375} = {8DB84F4E-4497-47D2-8B2B-AD49D473BB91}
		{F565256A-6CD9-4919-B213-AAD8890D8128} = {95AD40FA-AD4F-4670-9991-F48EBF3B6BED}
		{6783E371-E813-4A8E-A61B-F4A3EBE32F87} = {F565256A-6CD9-4919-B213-AAD8890D8128}
		{86B1E2E0-47D6-4C36-BAE6-114D7C55600B} = {95AD40FA-AD4F-4670-9991-F48EBF3B6BED}
		{7A27A3AB-50B8-4F4C-A0BA-7EC15FE79B4F} = {86B1E2E0-47D6-4C36-BAE6-114D7C55600B}
	EndGlobalSection
	GlobalSection(ExtensibilityGlobals) = postSolution
		SolutionGuid = {3F947CC2-A8CC-4F95-93D6-7B9E6520C1C3}
	EndGlobalSection
EndGlobal
