<?xml version="1.0" encoding="utf-8"?>
<Project ToolsVersion="4.0" xmlns="http://schemas.microsoft.com/developer/msbuild/2003">
  <ItemGroup>
    <Filter Include="Source Files">
      <UniqueIdentifier>{4FC737F1-C7A5-4376-A066-2A32D752A2FF}</UniqueIdentifier>
      <Extensions>cpp;c;cc;cxx;def;odl;idl;hpj;bat;asm;asmx</Extensions>
    </Filter>
    <Filter Include="Header Files">
      <UniqueIdentifier>{93995380-89BD-4b04-88EB-625FBE52EBFB}</UniqueIdentifier>
      <Extensions>h;hh;hpp;hxx;hm;inl;inc;xsd</Extensions>
    </Filter>
    <Filter Include="Resource Files">
      <UniqueIdentifier>{67DA6AB6-F800-4c08-8B7A-83BB121AAD01}</UniqueIdentifier>
      <Extensions>rc;ico;cur;bmp;dlg;rc2;rct;bin;rgs;gif;jpg;jpeg;jpe;resx;tiff;tif;png;wav;mfcribbon-ms</Extensions>
    </Filter>
    <Filter Include="Tests">
      <UniqueIdentifier>{f486a8d1-c175-4ade-9ce5-c23be356054e}</UniqueIdentifier>
    </Filter>
    <Filter Include="Header Files\Core">
      <UniqueIdentifier>{e13065a3-e7be-4f35-8580-f3eb817efe7b}</UniqueIdentifier>
    </Filter>
    <Filter Include="Header Files\Core\Incident">
      <UniqueIdentifier>{c708e73c-a14f-461d-8ad3-55bb3b0491dc}</UniqueIdentifier>
    </Filter>
  </ItemGroup>
  <ItemGroup>
    <ClInclude Include="..\src\core\Math.h">
      <Filter>Header Files\Core</Filter>
    </ClInclude>
    <ClInclude Include="..\src\core\Point.h">
      <Filter>Header Files\Core</Filter>
    </ClInclude>
    <ClInclude Include="..\src\core\State.h">
      <Filter>Header Files\Core</Filter>
    </ClInclude>
    <ClInclude Include="..\tests\Test_1.h">
      <Filter>Tests</Filter>
    </ClInclude>
    <ClInclude Include="..\src\core\Matrix.h">
      <Filter>Header Files\Core</Filter>
    </ClInclude>
    <ClInclude Include="..\src\core\Incident.h">
      <Filter>Header Files\Core\Incident</Filter>
    </ClInclude>
    <ClInclude Include="..\src\core\Tensor.h">
      <Filter>Header Files\Core</Filter>
    </ClInclude>
  </ItemGroup>
  <ItemGroup>
    <ClCompile Include="..\src\Main.cc">
      <Filter>Source Files</Filter>
    </ClCompile>
  </ItemGroup>
  <ItemGroup>
    <Natvis Include="..\..\eigen\debug\msvc\eigen.natvis" />
  </ItemGroup>
</Project>